
Microsoft Visual Studio Solution File, Format Version 12.00
# Visual Studio 15
VisualStudioVersion = 15.0.26228.12
MinimumVisualStudioVersion = 10.0.40219.1
Project("{2150E333-8FDC-42A3-9474-1A3956D46DE8}") = "src", "src", "{95A56C1C-E337-44E6-BBA8-E9D5B22D784A}"
EndProject
Project("{9A19103F-16F7-4668-BE54-9A1E7A4F7556}") = "Nature", "src\Nature\Nature.csproj", "{11C478A6-E738-404F-B8BA-FA72B4F96816}"
EndProject
Project("{2150E333-8FDC-42A3-9474-1A3956D46DE8}") = "tests", "tests", "{550F6647-8A4A-4AE5-92B5-89EC15DA521F}"
EndProject
Project("{FAE04EC0-301F-11D3-BF4B-00C04F79EFBC}") = "XUnitTest.Nature", "tests\XUnitTest.Nature\XUnitTest.Nature.csproj", "{FE263B40-84B6-4691-AF0A-9E3F2A3E2D19}"
EndProject
Global
	GlobalSection(SolutionConfigurationPlatforms) = preSolution
		Debug|Any CPU = Debug|Any CPU
		Release|Any CPU = Release|Any CPU
	EndGlobalSection
	GlobalSection(ProjectConfigurationPlatforms) = postSolution
		{11C478A6-E738-404F-B8BA-FA72B4F96816}.Debug|Any CPU.ActiveCfg = Debug|Any CPU
		{11C478A6-E738-404F-B8BA-FA72B4F96816}.Debug|Any CPU.Build.0 = Debug|Any CPU
		{11C478A6-E738-404F-B8BA-FA72B4F96816}.Release|Any CPU.ActiveCfg = Release|Any CPU
		{11C478A6-E738-404F-B8BA-FA72B4F96816}.Release|Any CPU.Build.0 = Release|Any CPU
		{FE263B40-84B6-4691-AF0A-9E3F2A3E2D19}.Debug|Any CPU.ActiveCfg = Debug|Any CPU
		{FE263B40-84B6-4691-AF0A-9E3F2A3E2D19}.Debug|Any CPU.Build.0 = Debug|Any CPU
		{FE263B40-84B6-4691-AF0A-9E3F2A3E2D19}.Release|Any CPU.ActiveCfg = Release|Any CPU
		{FE263B40-84B6-4691-AF0A-9E3F2A3E2D19}.Release|Any CPU.Build.0 = Release|Any CPU
	EndGlobalSection
	GlobalSection(SolutionProperties) = preSolution
		HideSolutionNode = FALSE
	EndGlobalSection
	GlobalSection(NestedProjects) = preSolution
		{11C478A6-E738-404F-B8BA-FA72B4F96816} = {95A56C1C-E337-44E6-BBA8-E9D5B22D784A}
		{FE263B40-84B6-4691-AF0A-9E3F2A3E2D19} = {550F6647-8A4A-4AE5-92B5-89EC15DA521F}
	EndGlobalSection
EndGlobal
